github.com/gorilla/websocket v1.4.1 h1:q7AeDBpnBk8AogcD4DSag/Ukw/KV+YhzLj2bP5HvKCM=
github.com/gorilla/websocket v1.4.1/go.mod h1:YR8l580nyteQvAITg2hZ9XVh4b55+EU/adAjf1fMHhE=
github.com/haya14busa/go-checkstyle v0.0.0-20170303121022-5e9d09f51fa1/go.mod h1:RsN5RGgVYeXpcXNtWyztD5VIe7VNSEqpJvF2iEH7QvI=
github.com/reviewdog/errorformat v0.0.0-20190922193611-a885a245ae0b h1:NABkU7TlpmdWxLPqjEDhFmsRolT7/d3hOPDj3LlnUmQ=
github.com/reviewdog/errorformat v0.0.0-20190922193611-a885a245ae0b/go.mod h1:giYAXnpegRDPsXUO7TRpDKXJo1lFGYxyWRfEt5iQ+OA=
github.com/reviewdog/errorformat v0.0.0-20200104154450-5b92f813bd0d h1:VpQ2UG6pFevKaDniSEVFs3pxbhZ/UrYw6+foL2e4dKo=
github.com/reviewdog/errorformat v0.0.0-20200104154450-5b92f813bd0d/go.mod h1:giYAXnpegRDPsXUO7TRpDKXJo1lFGYxyWRfEt5iQ+OA=
github.com/sourcegraph/jsonrpc2 v0.0.0-20191104215741-3bf62ad25c68 h1:gFfGXdDReEGEn2ZtYfAFdhIZC6U54jfB+jVtFHk34o8=
github.com/sourcegraph/jsonrpc2 v0.0.0-20191104215741-3bf62ad25c68/go.mod h1:ZafdZgk/axhT1cvZAPOhw+95nz2I/Ra5qMlU4gTRwIo=
github.com/sourcegraph/jsonrpc2 v0.0.0-20191222043438-96c4efab7ee2 h1:5VGNYxMxzZ8Jb2bARgVl1DNg8vpcd9S8b4MbbjWQ8/w=
github.com/sourcegraph/jsonrpc2 v0.0.0-20191222043438-96c4efab7ee2/go.mod h1:ZafdZgk/axhT1cvZAPOhw+95nz2I/Ra5qMlU4gTRwIo=
gopkg.in/check.v1 v0.0.0-20161208181325-20d25e280405 h1:yhCVgyC4o1eVCa2tZl7eS0r+SDo693bJlVdllGtEeKM=
gopkg.in/check.v1 v0.0.0-20161208181325-20d25e280405/go.mod h1:Co6ibVJAznAaIkqp8huTwlJQCZ016jof/cbN4VW5Yz0=
gopkg.in/yaml.v2 v2.2.5 h1:ymVxjfMaHvXD8RqPRmzHHsB3VvucivSkIAvJFDI5O3c=
gopkg.in/yaml.v2 v2.2.5/go.mod h1:hI93XBmqTisBFMUTm0b8Fm+jr3Dg1NNxqwp+5A1VGuI=
gopkg.in/yaml.v2 v2.2.7 h1:VUgggvou5XRW9mHwD/yXxIYSMtY0zoKQf/v226p2nyo=
gopkg.in/yaml.v2 v2.2.7/go.mod h1:hI93XBmqTisBFMUTm0b8Fm+jr3Dg1NNxqwp+5A1VGuI=
